
Microsoft Visual Studio Solution File, Format Version 12.00
# Visual Studio Version 17
VisualStudioVersion = 17.11.35219.272
MinimumVisualStudioVersion = 10.0.40219.1
Project("{FAE04EC0-301F-11D3-BF4B-00C04F79EFBC}") = "PlainTextEditor", "PlainTextEditor\PlainTextEditor.csproj", "{5EEE22AD-27CE-47D5-AC7B-4B8662BA26FD}"
EndProject
Global
	GlobalSection(SolutionConfigurationPlatforms) = preSolution
		Debug|Any CPU = Debug|Any CPU
		Release|Any CPU = Release|Any CPU
	EndGlobalSection
	GlobalSection(ProjectConfigurationPlatforms) = postSolution
		{5EEE22AD-27CE-47D5-AC7B-4B8662BA26FD}.Debug|Any CPU.ActiveCfg = Debug|Any CPU
		{5EEE22AD-27CE-47D5-AC7B-4B8662BA26FD}.Debug|Any CPU.Build.0 = Debug|Any CPU
		{5EEE22AD-27CE-47D5-AC7B-4B8662BA26FD}.Release|Any CPU.ActiveCfg = Release|Any CPU
		{5EEE22AD-27CE-47D5-AC7B-4B8662BA26FD}.Release|Any CPU.Build.0 = Release|Any CPU
	EndGlobalSection
	GlobalSection(SolutionProperties) = preSolution
		HideSolutionNode = FALSE
	EndGlobalSection
	GlobalSection(ExtensibilityGlobals) = postSolution
		SolutionGuid = {F37DBC88-8EAB-4E6E-8396-274FE1A4F2DB}
	EndGlobalSection
EndGlobal
