
Microsoft Visual Studio Solution File, Format Version 12.00
# Visual Studio Version 17
VisualStudioVersion = 17.11.35219.272
MinimumVisualStudioVersion = 10.0.40219.1
Project("{FAE04EC0-301F-11D3-BF4B-00C04F79EFBC}") = "Program1", "Program1\Program1.csproj", "{14D99FE3-EA39-4D1C-9859-FE4E59220A62}"
EndProject
Global
	GlobalSection(SolutionConfigurationPlatforms) = preSolution
		Debug|Any CPU = Debug|Any CPU
		Release|Any CPU = Release|Any CPU
	EndGlobalSection
	GlobalSection(ProjectConfigurationPlatforms) = postSolution
		{14D99FE3-EA39-4D1C-9859-FE4E59220A62}.Debug|Any CPU.ActiveCfg = Debug|Any CPU
		{14D99FE3-EA39-4D1C-9859-FE4E59220A62}.Debug|Any CPU.Build.0 = Debug|Any CPU
		{14D99FE3-EA39-4D1C-9859-FE4E59220A62}.Release|Any CPU.ActiveCfg = Release|Any CPU
		{14D99FE3-EA39-4D1C-9859-FE4E59220A62}.Release|Any CPU.Build.0 = Release|Any CPU
	EndGlobalSection
	GlobalSection(SolutionProperties) = preSolution
		HideSolutionNode = FALSE
	EndGlobalSection
	GlobalSection(ExtensibilityGlobals) = postSolution
		SolutionGuid = {18E6D38B-D69D-486E-A3DB-E0068768643D}
	EndGlobalSection
EndGlobal
